
Microsoft Visual Studio Solution File, Format Version 12.00
# Visual Studio Version 16
VisualStudioVersion = 16.0.31702.278
MinimumVisualStudioVersion = 10.0.40219.1
Project("{FAE04EC0-301F-11D3-BF4B-00C04F79EFBC}") = "LTranQGame", "LTranQGame\LTranQGame.csproj", "{5BC5D69A-7B7C-4C8C-8BD9-F7437F3A1CE9}"
EndProject
Global
	GlobalSection(SolutionConfigurationPlatforms) = preSolution
		Debug|Any CPU = Debug|Any CPU
		Release|Any CPU = Release|Any CPU
	EndGlobalSection
	GlobalSection(ProjectConfigurationPlatforms) = postSolution
		{5BC5D69A-7B7C-4C8C-8BD9-F7437F3A1CE9}.Debug|Any CPU.ActiveCfg = Debug|Any CPU
		{5BC5D69A-7B7C-4C8C-8BD9-F7437F3A1CE9}.Debug|Any CPU.Build.0 = Debug|Any CPU
		{5BC5D69A-7B7C-4C8C-8BD9-F7437F3A1CE9}.Release|Any CPU.ActiveCfg = Release|Any CPU
		{5BC5D69A-7B7C-4C8C-8BD9-F7437F3A1CE9}.Release|Any CPU.Build.0 = Release|Any CPU
	EndGlobalSection
	GlobalSection(SolutionProperties) = preSolution
		HideSolutionNode = FALSE
	EndGlobalSection
	GlobalSection(ExtensibilityGlobals) = postSolution
		SolutionGuid = {CB46FACC-ECF2-48A2-88BF-44B0A476C98B}
	EndGlobalSection
EndGlobal
